
Microsoft Visual Studio Solution File, Format Version 12.00
# Visual Studio Version 16
VisualStudioVersion = 16.0.30204.135
MinimumVisualStudioVersion = 10.0.40219.1
Project("{FAE04EC0-301F-11D3-BF4B-00C04F79EFBC}") = "WeatherStation.Library.Tests", "WeatherStation.Library.Tests\WeatherStation.Library.Tests.csproj", "{469282EA-6915-42A8-AC65-AE10ABABB334}"
EndProject
Project("{FAE04EC0-301F-11D3-BF4B-00C04F79EFBC}") = "WeatherStation.App", "WeatherStation.App\WeatherStation.App.csproj", "{C1FF2E24-F0E4-400F-A763-A5C56E94BACC}"
EndProject
Project("{FAE04EC0-301F-11D3-BF4B-00C04F79EFBC}") = "WeatherStation.Library", "WeatherStation.Library\WeatherStation.Library.csproj", "{2CB8B3B6-AD8A-4A55-A379-FEBF0CAC86DF}"
EndProject
Project("{FAE04EC0-301F-11D3-BF4B-00C04F79EFBC}") = "WeatherStation.App.Tests", "WeatherStation.App.Tests\WeatherStation.App.Tests.csproj", "{08C215D5-BA51-4FBD-9B8C-E142ED5E8B19}"
EndProject
Global
	GlobalSection(SolutionConfigurationPlatforms) = preSolution
		Debug|Any CPU = Debug|Any CPU
		Release|Any CPU = Release|Any CPU
	EndGlobalSection
	GlobalSection(ProjectConfigurationPlatforms) = postSolution
		{469282EA-6915-42A8-AC65-AE10ABABB334}.Debug|Any CPU.ActiveCfg = Debug|Any CPU
		{469282EA-6915-42A8-AC65-AE10ABABB334}.Debug|Any CPU.Build.0 = Debug|Any CPU
		{469282EA-6915-42A8-AC65-AE10ABABB334}.Release|Any CPU.ActiveCfg = Release|Any CPU
		{469282EA-6915-42A8-AC65-AE10ABABB334}.Release|Any CPU.Build.0 = Release|Any CPU
		{C1FF2E24-F0E4-400F-A763-A5C56E94BACC}.Debug|Any CPU.ActiveCfg = Debug|Any CPU
		{C1FF2E24-F0E4-400F-A763-A5C56E94BACC}.Debug|Any CPU.Build.0 = Debug|Any CPU
		{C1FF2E24-F0E4-400F-A763-A5C56E94BACC}.Debug|Any CPU.Deploy.0 = Debug|Any CPU
		{C1FF2E24-F0E4-400F-A763-A5C56E94BACC}.Release|Any CPU.ActiveCfg = Release|Any CPU
		{C1FF2E24-F0E4-400F-A763-A5C56E94BACC}.Release|Any CPU.Build.0 = Release|Any CPU
		{C1FF2E24-F0E4-400F-A763-A5C56E94BACC}.Release|Any CPU.Deploy.0 = Release|Any CPU
		{2CB8B3B6-AD8A-4A55-A379-FEBF0CAC86DF}.Debug|Any CPU.ActiveCfg = Debug|Any CPU
		{2CB8B3B6-AD8A-4A55-A379-FEBF0CAC86DF}.Debug|Any CPU.Build.0 = Debug|Any CPU
		{2CB8B3B6-AD8A-4A55-A379-FEBF0CAC86DF}.Release|Any CPU.ActiveCfg = Release|Any CPU
		{2CB8B3B6-AD8A-4A55-A379-FEBF0CAC86DF}.Release|Any CPU.Build.0 = Release|Any CPU
		{08C215D5-BA51-4FBD-9B8C-E142ED5E8B19}.Debug|Any CPU.ActiveCfg = Debug|Any CPU
		{08C215D5-BA51-4FBD-9B8C-E142ED5E8B19}.Debug|Any CPU.Build.0 = Debug|Any CPU
		{08C215D5-BA51-4FBD-9B8C-E142ED5E8B19}.Release|Any CPU.ActiveCfg = Release|Any CPU
		{08C215D5-BA51-4FBD-9B8C-E142ED5E8B19}.Release|Any CPU.Build.0 = Release|Any CPU
	EndGlobalSection
	GlobalSection(SolutionProperties) = preSolution
		HideSolutionNode = FALSE
	EndGlobalSection
	GlobalSection(ExtensibilityGlobals) = postSolution
		SolutionGuid = {4155E78A-55FA-4B23-9262-4B03D6E55838}
	EndGlobalSection
EndGlobal
